
Microsoft Visual Studio Solution File, Format Version 12.00
# Visual Studio Version 16
VisualStudioVersion = 16.0.32428.217
MinimumVisualStudioVersion = 10.0.40219.1
Project("{FAE04EC0-301F-11D3-BF4B-00C04F79EFBC}") = "CsharpPart2", "CsharpPart2.csproj", "{56E2EC69-56CB-46C9-99C7-BAEBC05E3E53}"
EndProject
Global
	GlobalSection(SolutionConfigurationPlatforms) = preSolution
		Debug|Any CPU = Debug|Any CPU
		Release|Any CPU = Release|Any CPU
	EndGlobalSection
	GlobalSection(ProjectConfigurationPlatforms) = postSolution
		{56E2EC69-56CB-46C9-99C7-BAEBC05E3E53}.Debug|Any CPU.ActiveCfg = Debug|Any CPU
		{56E2EC69-56CB-46C9-99C7-BAEBC05E3E53}.Debug|Any CPU.Build.0 = Debug|Any CPU
		{56E2EC69-56CB-46C9-99C7-BAEBC05E3E53}.Release|Any CPU.ActiveCfg = Release|Any CPU
		{56E2EC69-56CB-46C9-99C7-BAEBC05E3E53}.Release|Any CPU.Build.0 = Release|Any CPU
	EndGlobalSection
	GlobalSection(SolutionProperties) = preSolution
		HideSolutionNode = FALSE
	EndGlobalSection
	GlobalSection(ExtensibilityGlobals) = postSolution
		SolutionGuid = {EE8CE3E9-EE34-40E7-9142-1441A4371943}
	EndGlobalSection
EndGlobal
